
Microsoft Visual Studio Solution File, Format Version 12.00
# Visual Studio Version 17
VisualStudioVersion = 17.1.32210.238
MinimumVisualStudioVersion = 10.0.40219.1
Project("{FAE04EC0-301F-11D3-BF4B-00C04F79EFBC}") = "N_unit_testing_2", "N_unit_testing_2.csproj", "{D9935755-E0C9-40C8-8E9E-67D37E4836FE}"
EndProject
Global
	GlobalSection(SolutionConfigurationPlatforms) = preSolution
		Debug|Any CPU = Debug|Any CPU
		Release|Any CPU = Release|Any CPU
	EndGlobalSection
	GlobalSection(ProjectConfigurationPlatforms) = postSolution
		{D9935755-E0C9-40C8-8E9E-67D37E4836FE}.Debug|Any CPU.ActiveCfg = Debug|Any CPU
		{D9935755-E0C9-40C8-8E9E-67D37E4836FE}.Debug|Any CPU.Build.0 = Debug|Any CPU
		{D9935755-E0C9-40C8-8E9E-67D37E4836FE}.Release|Any CPU.ActiveCfg = Release|Any CPU
		{D9935755-E0C9-40C8-8E9E-67D37E4836FE}.Release|Any CPU.Build.0 = Release|Any CPU
	EndGlobalSection
	GlobalSection(SolutionProperties) = preSolution
		HideSolutionNode = FALSE
	EndGlobalSection
	GlobalSection(ExtensibilityGlobals) = postSolution
		SolutionGuid = {C09A61E4-753A-4345-83A0-3BAFED414FAB}
	EndGlobalSection
EndGlobal
