
Microsoft Visual Studio Solution File, Format Version 12.00
# Visual Studio Version 17
VisualStudioVersion = 17.1.32210.238
MinimumVisualStudioVersion = 10.0.40219.1
Project("{FAE04EC0-301F-11D3-BF4B-00C04F79EFBC}") = "N_unit_testing_5", "N_unit_testing_5.csproj", "{F60C44C5-5928-418A-B90A-E49B171E7C5D}"
EndProject
Global
	GlobalSection(SolutionConfigurationPlatforms) = preSolution
		Debug|Any CPU = Debug|Any CPU
		Release|Any CPU = Release|Any CPU
	EndGlobalSection
	GlobalSection(ProjectConfigurationPlatforms) = postSolution
		{F60C44C5-5928-418A-B90A-E49B171E7C5D}.Debug|Any CPU.ActiveCfg = Debug|Any CPU
		{F60C44C5-5928-418A-B90A-E49B171E7C5D}.Debug|Any CPU.Build.0 = Debug|Any CPU
		{F60C44C5-5928-418A-B90A-E49B171E7C5D}.Release|Any CPU.ActiveCfg = Release|Any CPU
		{F60C44C5-5928-418A-B90A-E49B171E7C5D}.Release|Any CPU.Build.0 = Release|Any CPU
	EndGlobalSection
	GlobalSection(SolutionProperties) = preSolution
		HideSolutionNode = FALSE
	EndGlobalSection
	GlobalSection(ExtensibilityGlobals) = postSolution
		SolutionGuid = {F125B482-9D05-4192-B76D-8CBFA2BCBEA5}
	EndGlobalSection
EndGlobal
